
Microsoft Visual Studio Solution File, Format Version 12.00
# Visual Studio 14
VisualStudioVersion = 14.0.25420.1
MinimumVisualStudioVersion = 10.0.40219.1
Project("{FAE04EC0-301F-11D3-BF4B-00C04F79EFBC}") = "ClientUI", "ModelBuilder\ClientUI.csproj", "{BB2E15CA-8243-413C-B6BC-AA0E25A4B47A}"
EndProject
Project("{FAE04EC0-301F-11D3-BF4B-00C04F79EFBC}") = "Common", "Common\Common.csproj", "{8D4E56AF-5587-407F-859B-47ED9F572996}"
EndProject
Project("{FAE04EC0-301F-11D3-BF4B-00C04F79EFBC}") = "NetworkManagementService", "NetworkManagementService\NetworkManagementService.csproj", "{944646FB-2C68-4A23-B002-D833CAA6366B}"
EndProject
Project("{FAE04EC0-301F-11D3-BF4B-00C04F79EFBC}") = "TransactionManager", "TransactionManager\TransactionManager.csproj", "{CEC11E78-3014-4AEE-821F-9C27E329C2A7}"
EndProject
Project("{2150E333-8FDC-42A3-9474-1A3956D46DE8}") = "Importer", "Importer", "{83654C88-0AB0-4DA1-A0EB-BE10BF005DEC}"
EndProject
Project("{FAE04EC0-301F-11D3-BF4B-00C04F79EFBC}") = "CIMProfileCreator", "Importer\CIMProfileCreator\CIMProfileCreator.csproj", "{05FA2F21-D4DE-4F42-8D8F-AC79993394F6}"
EndProject
Project("{FAE04EC0-301F-11D3-BF4B-00C04F79EFBC}") = "CIMAdapter", "Importer\CIMAdapter\CIMAdapter.csproj", "{F680D34F-C148-4314-8914-B2DF3E7B17AF}"
EndProject
Project("{FAE04EC0-301F-11D3-BF4B-00C04F79EFBC}") = "CIMParser", "Importer\CIMParser\CIMParser.csproj", "{3C03A41C-BE4C-40A8-97D5-5DBAC0C34102}"
EndProject
Project("{FAE04EC0-301F-11D3-BF4B-00C04F79EFBC}") = "ModelLabsApp", "Importer\ModelLabsApp\ModelLabsApp.csproj", "{3DD11384-2CC1-4EE9-9F4A-02B6FE8759C0}"
EndProject
Project("{FAE04EC0-301F-11D3-BF4B-00C04F79EFBC}") = "FieldSimulator", "FieldSimulator\FieldSimulator.csproj", "{FF21C791-5BEA-40BC-A236-E436A5C53085}"
EndProject
Project("{FAE04EC0-301F-11D3-BF4B-00C04F79EFBC}") = "FieldProcessor", "FieldProcessor\FieldProcessor.csproj", "{BAD4FEDD-9CF8-4A47-AF5D-565A5D2BAEB4}"
EndProject
Project("{FAE04EC0-301F-11D3-BF4B-00C04F79EFBC}") = "NetworkDynamicsService", "NetworkDynamicsService\NetworkDynamicsService.csproj", "{0F741DF2-424F-47DB-8D8C-782496D68F65}"
EndProject
Global
	GlobalSection(SolutionConfigurationPlatforms) = preSolution
		Debug|Any CPU = Debug|Any CPU
		Debug|x64 = Debug|x64
		Debug|x86 = Debug|x86
		Release|Any CPU = Release|Any CPU
		Release|x64 = Release|x64
		Release|x86 = Release|x86
	EndGlobalSection
	GlobalSection(ProjectConfigurationPlatforms) = postSolution
		{BB2E15CA-8243-413C-B6BC-AA0E25A4B47A}.Debug|Any CPU.ActiveCfg = Debug|Any CPU
		{BB2E15CA-8243-413C-B6BC-AA0E25A4B47A}.Debug|Any CPU.Build.0 = Debug|Any CPU
		{BB2E15CA-8243-413C-B6BC-AA0E25A4B47A}.Debug|x64.ActiveCfg = Debug|Any CPU
		{BB2E15CA-8243-413C-B6BC-AA0E25A4B47A}.Debug|x64.Build.0 = Debug|Any CPU
		{BB2E15CA-8243-413C-B6BC-AA0E25A4B47A}.Debug|x86.ActiveCfg = Debug|Any CPU
		{BB2E15CA-8243-413C-B6BC-AA0E25A4B47A}.Debug|x86.Build.0 = Debug|Any CPU
		{BB2E15CA-8243-413C-B6BC-AA0E25A4B47A}.Release|Any CPU.ActiveCfg = Release|Any CPU
		{BB2E15CA-8243-413C-B6BC-AA0E25A4B47A}.Release|Any CPU.Build.0 = Release|Any CPU
		{BB2E15CA-8243-413C-B6BC-AA0E25A4B47A}.Release|x64.ActiveCfg = Release|Any CPU
		{BB2E15CA-8243-413C-B6BC-AA0E25A4B47A}.Release|x64.Build.0 = Release|Any CPU
		{BB2E15CA-8243-413C-B6BC-AA0E25A4B47A}.Release|x86.ActiveCfg = Release|Any CPU
		{BB2E15CA-8243-413C-B6BC-AA0E25A4B47A}.Release|x86.Build.0 = Release|Any CPU
		{8D4E56AF-5587-407F-859B-47ED9F572996}.Debug|Any CPU.ActiveCfg = Debug|Any CPU
		{8D4E56AF-5587-407F-859B-47ED9F572996}.Debug|Any CPU.Build.0 = Debug|Any CPU
		{8D4E56AF-5587-407F-859B-47ED9F572996}.Debug|x64.ActiveCfg = Debug|Any CPU
		{8D4E56AF-5587-407F-859B-47ED9F572996}.Debug|x64.Build.0 = Debug|Any CPU
		{8D4E56AF-5587-407F-859B-47ED9F572996}.Debug|x86.ActiveCfg = Debug|Any CPU
		{8D4E56AF-5587-407F-859B-47ED9F572996}.Debug|x86.Build.0 = Debug|Any CPU
		{8D4E56AF-5587-407F-859B-47ED9F572996}.Release|Any CPU.ActiveCfg = Release|Any CPU
		{8D4E56AF-5587-407F-859B-47ED9F572996}.Release|Any CPU.Build.0 = Release|Any CPU
		{8D4E56AF-5587-407F-859B-47ED9F572996}.Release|x64.ActiveCfg = Release|Any CPU
		{8D4E56AF-5587-407F-859B-47ED9F572996}.Release|x64.Build.0 = Release|Any CPU
		{8D4E56AF-5587-407F-859B-47ED9F572996}.Release|x86.ActiveCfg = Release|Any CPU
		{8D4E56AF-5587-407F-859B-47ED9F572996}.Release|x86.Build.0 = Release|Any CPU
		{944646FB-2C68-4A23-B002-D833CAA6366B}.Debug|Any CPU.ActiveCfg = Debug|Any CPU
		{944646FB-2C68-4A23-B002-D833CAA6366B}.Debug|Any CPU.Build.0 = Debug|Any CPU
		{944646FB-2C68-4A23-B002-D833CAA6366B}.Debug|x64.ActiveCfg = Debug|Any CPU
		{944646FB-2C68-4A23-B002-D833CAA6366B}.Debug|x64.Build.0 = Debug|Any CPU
		{944646FB-2C68-4A23-B002-D833CAA6366B}.Debug|x86.ActiveCfg = Debug|Any CPU
		{944646FB-2C68-4A23-B002-D833CAA6366B}.Debug|x86.Build.0 = Debug|Any CPU
		{944646FB-2C68-4A23-B002-D833CAA6366B}.Release|Any CPU.ActiveCfg = Release|Any CPU
		{944646FB-2C68-4A23-B002-D833CAA6366B}.Release|Any CPU.Build.0 = Release|Any CPU
		{944646FB-2C68-4A23-B002-D833CAA6366B}.Release|x64.ActiveCfg = Release|Any CPU
		{944646FB-2C68-4A23-B002-D833CAA6366B}.Release|x64.Build.0 = Release|Any CPU
		{944646FB-2C68-4A23-B002-D833CAA6366B}.Release|x86.ActiveCfg = Release|Any CPU
		{944646FB-2C68-4A23-B002-D833CAA6366B}.Release|x86.Build.0 = Release|Any CPU
		{CEC11E78-3014-4AEE-821F-9C27E329C2A7}.Debug|Any CPU.ActiveCfg = Debug|Any CPU
		{CEC11E78-3014-4AEE-821F-9C27E329C2A7}.Debug|Any CPU.Build.0 = Debug|Any CPU
		{CEC11E78-3014-4AEE-821F-9C27E329C2A7}.Debug|x64.ActiveCfg = Debug|Any CPU
		{CEC11E78-3014-4AEE-821F-9C27E329C2A7}.Debug|x64.Build.0 = Debug|Any CPU
		{CEC11E78-3014-4AEE-821F-9C27E329C2A7}.Debug|x86.ActiveCfg = Debug|Any CPU
		{CEC11E78-3014-4AEE-821F-9C27E329C2A7}.Debug|x86.Build.0 = Debug|Any CPU
		{CEC11E78-3014-4AEE-821F-9C27E329C2A7}.Release|Any CPU.ActiveCfg = Release|Any CPU
		{CEC11E78-3014-4AEE-821F-9C27E329C2A7}.Release|Any CPU.Build.0 = Release|Any CPU
		{CEC11E78-3014-4AEE-821F-9C27E329C2A7}.Release|x64.ActiveCfg = Release|Any CPU
		{CEC11E78-3014-4AEE-821F-9C27E329C2A7}.Release|x64.Build.0 = Release|Any CPU
		{CEC11E78-3014-4AEE-821F-9C27E329C2A7}.Release|x86.ActiveCfg = Release|Any CPU
		{CEC11E78-3014-4AEE-821F-9C27E329C2A7}.Release|x86.Build.0 = Release|Any CPU
		{05FA2F21-D4DE-4F42-8D8F-AC79993394F6}.Debug|Any CPU.ActiveCfg = Debug|x86
		{05FA2F21-D4DE-4F42-8D8F-AC79993394F6}.Debug|Any CPU.Build.0 = Debug|x86
		{05FA2F21-D4DE-4F42-8D8F-AC79993394F6}.Debug|x64.ActiveCfg = Debug|x64
		{05FA2F21-D4DE-4F42-8D8F-AC79993394F6}.Debug|x64.Build.0 = Debug|x64
		{05FA2F21-D4DE-4F42-8D8F-AC79993394F6}.Debug|x86.ActiveCfg = Debug|x86
		{05FA2F21-D4DE-4F42-8D8F-AC79993394F6}.Debug|x86.Build.0 = Debug|x86
		{05FA2F21-D4DE-4F42-8D8F-AC79993394F6}.Release|Any CPU.ActiveCfg = Release|x86
		{05FA2F21-D4DE-4F42-8D8F-AC79993394F6}.Release|x64.ActiveCfg = Release|x64
		{05FA2F21-D4DE-4F42-8D8F-AC79993394F6}.Release|x64.Build.0 = Release|x64
		{05FA2F21-D4DE-4F42-8D8F-AC79993394F6}.Release|x86.ActiveCfg = Release|x86
		{05FA2F21-D4DE-4F42-8D8F-AC79993394F6}.Release|x86.Build.0 = Release|x86
		{F680D34F-C148-4314-8914-B2DF3E7B17AF}.Debug|Any CPU.ActiveCfg = Debug|x86
		{F680D34F-C148-4314-8914-B2DF3E7B17AF}.Debug|Any CPU.Build.0 = Debug|x86
		{F680D34F-C148-4314-8914-B2DF3E7B17AF}.Debug|x64.ActiveCfg = Debug|x64
		{F680D34F-C148-4314-8914-B2DF3E7B17AF}.Debug|x64.Build.0 = Debug|x64
		{F680D34F-C148-4314-8914-B2DF3E7B17AF}.Debug|x86.ActiveCfg = Debug|x86
		{F680D34F-C148-4314-8914-B2DF3E7B17AF}.Debug|x86.Build.0 = Debug|x86
		{F680D34F-C148-4314-8914-B2DF3E7B17AF}.Release|Any CPU.ActiveCfg = Release|x86
		{F680D34F-C148-4314-8914-B2DF3E7B17AF}.Release|x64.ActiveCfg = Release|x64
		{F680D34F-C148-4314-8914-B2DF3E7B17AF}.Release|x64.Build.0 = Release|x64
		{F680D34F-C148-4314-8914-B2DF3E7B17AF}.Release|x86.ActiveCfg = Release|x86
		{F680D34F-C148-4314-8914-B2DF3E7B17AF}.Release|x86.Build.0 = Release|x86
		{3C03A41C-BE4C-40A8-97D5-5DBAC0C34102}.Debug|Any CPU.ActiveCfg = Debug|x86
		{3C03A41C-BE4C-40A8-97D5-5DBAC0C34102}.Debug|Any CPU.Build.0 = Debug|x86
		{3C03A41C-BE4C-40A8-97D5-5DBAC0C34102}.Debug|x64.ActiveCfg = Debug|x64
		{3C03A41C-BE4C-40A8-97D5-5DBAC0C34102}.Debug|x64.Build.0 = Debug|x64
		{3C03A41C-BE4C-40A8-97D5-5DBAC0C34102}.Debug|x86.ActiveCfg = Debug|x86
		{3C03A41C-BE4C-40A8-97D5-5DBAC0C34102}.Debug|x86.Build.0 = Debug|x86
		{3C03A41C-BE4C-40A8-97D5-5DBAC0C34102}.Release|Any CPU.ActiveCfg = Release|x86
		{3C03A41C-BE4C-40A8-97D5-5DBAC0C34102}.Release|x64.ActiveCfg = Release|x64
		{3C03A41C-BE4C-40A8-97D5-5DBAC0C34102}.Release|x64.Build.0 = Release|x64
		{3C03A41C-BE4C-40A8-97D5-5DBAC0C34102}.Release|x86.ActiveCfg = Release|x86
		{3C03A41C-BE4C-40A8-97D5-5DBAC0C34102}.Release|x86.Build.0 = Release|x86
		{3DD11384-2CC1-4EE9-9F4A-02B6FE8759C0}.Debug|Any CPU.ActiveCfg = Debug|x86
		{3DD11384-2CC1-4EE9-9F4A-02B6FE8759C0}.Debug|Any CPU.Build.0 = Debug|x86
		{3DD11384-2CC1-4EE9-9F4A-02B6FE8759C0}.Debug|x64.ActiveCfg = Debug|x64
		{3DD11384-2CC1-4EE9-9F4A-02B6FE8759C0}.Debug|x64.Build.0 = Debug|x64
		{3DD11384-2CC1-4EE9-9F4A-02B6FE8759C0}.Debug|x86.ActiveCfg = Debug|x86
		{3DD11384-2CC1-4EE9-9F4A-02B6FE8759C0}.Debug|x86.Build.0 = Debug|x86
		{3DD11384-2CC1-4EE9-9F4A-02B6FE8759C0}.Release|Any CPU.ActiveCfg = Release|x86
		{3DD11384-2CC1-4EE9-9F4A-02B6FE8759C0}.Release|x64.ActiveCfg = Release|x64
		{3DD11384-2CC1-4EE9-9F4A-02B6FE8759C0}.Release|x64.Build.0 = Release|x64
		{3DD11384-2CC1-4EE9-9F4A-02B6FE8759C0}.Release|x86.ActiveCfg = Release|x86
		{3DD11384-2CC1-4EE9-9F4A-02B6FE8759C0}.Release|x86.Build.0 = Release|x86
		{FF21C791-5BEA-40BC-A236-E436A5C53085}.Debug|Any CPU.ActiveCfg = Debug|Any CPU
		{FF21C791-5BEA-40BC-A236-E436A5C53085}.Debug|Any CPU.Build.0 = Debug|Any CPU
		{FF21C791-5BEA-40BC-A236-E436A5C53085}.Debug|x64.ActiveCfg = Debug|Any CPU
		{FF21C791-5BEA-40BC-A236-E436A5C53085}.Debug|x64.Build.0 = Debug|Any CPU
		{FF21C791-5BEA-40BC-A236-E436A5C53085}.Debug|x86.ActiveCfg = Debug|Any CPU
		{FF21C791-5BEA-40BC-A236-E436A5C53085}.Debug|x86.Build.0 = Debug|Any CPU
		{FF21C791-5BEA-40BC-A236-E436A5C53085}.Release|Any CPU.ActiveCfg = Release|Any CPU
		{FF21C791-5BEA-40BC-A236-E436A5C53085}.Release|Any CPU.Build.0 = Release|Any CPU
		{FF21C791-5BEA-40BC-A236-E436A5C53085}.Release|x64.ActiveCfg = Release|Any CPU
		{FF21C791-5BEA-40BC-A236-E436A5C53085}.Release|x64.Build.0 = Release|Any CPU
		{FF21C791-5BEA-40BC-A236-E436A5C53085}.Release|x86.ActiveCfg = Release|Any CPU
		{FF21C791-5BEA-40BC-A236-E436A5C53085}.Release|x86.Build.0 = Release|Any CPU
		{BAD4FEDD-9CF8-4A47-AF5D-565A5D2BAEB4}.Debug|Any CPU.ActiveCfg = Debug|Any CPU
		{BAD4FEDD-9CF8-4A47-AF5D-565A5D2BAEB4}.Debug|Any CPU.Build.0 = Debug|Any CPU
		{BAD4FEDD-9CF8-4A47-AF5D-565A5D2BAEB4}.Debug|x64.ActiveCfg = Debug|Any CPU
		{BAD4FEDD-9CF8-4A47-AF5D-565A5D2BAEB4}.Debug|x64.Build.0 = Debug|Any CPU
		{BAD4FEDD-9CF8-4A47-AF5D-565A5D2BAEB4}.Debug|x86.ActiveCfg = Debug|Any CPU
		{BAD4FEDD-9CF8-4A47-AF5D-565A5D2BAEB4}.Debug|x86.Build.0 = Debug|Any CPU
		{BAD4FEDD-9CF8-4A47-AF5D-565A5D2BAEB4}.Release|Any CPU.ActiveCfg = Release|Any CPU
		{BAD4FEDD-9CF8-4A47-AF5D-565A5D2BAEB4}.Release|Any CPU.Build.0 = Release|Any CPU
		{BAD4FEDD-9CF8-4A47-AF5D-565A5D2BAEB4}.Release|x64.ActiveCfg = Release|Any CPU
		{BAD4FEDD-9CF8-4A47-AF5D-565A5D2BAEB4}.Release|x64.Build.0 = Release|Any CPU
		{BAD4FEDD-9CF8-4A47-AF5D-565A5D2BAEB4}.Release|x86.ActiveCfg = Release|Any CPU
		{BAD4FEDD-9CF8-4A47-AF5D-565A5D2BAEB4}.Release|x86.Build.0 = Release|Any CPU
		{0F741DF2-424F-47DB-8D8C-782496D68F65}.Debug|Any CPU.ActiveCfg = Debug|Any CPU
		{0F741DF2-424F-47DB-8D8C-782496D68F65}.Debug|Any CPU.Build.0 = Debug|Any CPU
		{0F741DF2-424F-47DB-8D8C-782496D68F65}.Debug|x64.ActiveCfg = Debug|Any CPU
		{0F741DF2-424F-47DB-8D8C-782496D68F65}.Debug|x64.Build.0 = Debug|Any CPU
		{0F741DF2-424F-47DB-8D8C-782496D68F65}.Debug|x86.ActiveCfg = Debug|Any CPU
		{0F741DF2-424F-47DB-8D8C-782496D68F65}.Debug|x86.Build.0 = Debug|Any CPU
		{0F741DF2-424F-47DB-8D8C-782496D68F65}.Release|Any CPU.ActiveCfg = Release|Any CPU
		{0F741DF2-424F-47DB-8D8C-782496D68F65}.Release|Any CPU.Build.0 = Release|Any CPU
		{0F741DF2-424F-47DB-8D8C-782496D68F65}.Release|x64.ActiveCfg = Release|Any CPU
		{0F741DF2-424F-47DB-8D8C-782496D68F65}.Release|x64.Build.0 = Release|Any CPU
		{0F741DF2-424F-47DB-8D8C-782496D68F65}.Release|x86.ActiveCfg = Release|Any CPU
		{0F741DF2-424F-47DB-8D8C-782496D68F65}.Release|x86.Build.0 = Release|Any CPU
	EndGlobalSection
	GlobalSection(SolutionProperties) = preSolution
		HideSolutionNode = FALSE
	EndGlobalSection
	GlobalSection(NestedProjects) = preSolution
		{05FA2F21-D4DE-4F42-8D8F-AC79993394F6} = {83654C88-0AB0-4DA1-A0EB-BE10BF005DEC}
		{F680D34F-C148-4314-8914-B2DF3E7B17AF} = {83654C88-0AB0-4DA1-A0EB-BE10BF005DEC}
		{3C03A41C-BE4C-40A8-97D5-5DBAC0C34102} = {83654C88-0AB0-4DA1-A0EB-BE10BF005DEC}
		{3DD11384-2CC1-4EE9-9F4A-02B6FE8759C0} = {83654C88-0AB0-4DA1-A0EB-BE10BF005DEC}
	EndGlobalSection
	GlobalSection(ExtensibilityGlobals) = postSolution
		SolutionGuid = {9D1337E4-81ED-48CE-B2EB-52A2AA5CFF54}
	EndGlobalSection
EndGlobal
