
Microsoft Visual Studio Solution File, Format Version 12.00
# Visual Studio Version 16
VisualStudioVersion = 16.0.30907.101
MinimumVisualStudioVersion = 10.0.40219.1
Project("{A07B5EB6-E848-4116-A8D0-A826331D98C6}") = "ServiceFabricApp", "ServiceFabricApp\ServiceFabricApp.sfproj", "{E0EC84AD-210B-4B80-8060-A610F9FE87AD}"
	ProjectSection(ProjectDependencies) = postProject
		{BF0C11C0-6336-49FC-A220-A75053B51758} = {BF0C11C0-6336-49FC-A220-A75053B51758}
	EndProjectSection
EndProject
Project("{FAE04EC0-301F-11D3-BF4B-00C04F79EFBC}") = "NetworkModelService", "NetworkModelService\NetworkModelService.csproj", "{77EE1B6F-1364-4284-AEAC-C44B1DB3A675}"
EndProject
Project("{FAE04EC0-301F-11D3-BF4B-00C04F79EFBC}") = "Core.Common", "Core.Common\Core.Common.csproj", "{BF0C11C0-6336-49FC-A220-A75053B51758}"
EndProject
Project("{2150E333-8FDC-42A3-9474-1A3956D46DE8}") = "NMS", "NMS", "{553378EA-923F-4818-AE87-067B97D76396}"
EndProject
Project("{FAE04EC0-301F-11D3-BF4B-00C04F79EFBC}") = "NetworkModelServiceLibrary", "NetworkModelServiceLibrary\NetworkModelServiceLibrary.csproj", "{F923D549-0EF5-40A3-A0D6-83D1926BC4B8}"
EndProject
Project("{2150E333-8FDC-42A3-9474-1A3956D46DE8}") = "Importer", "Importer", "{E2FB4C50-DA34-42FE-BFDE-0E10A9315120}"
EndProject
Project("{FAE04EC0-301F-11D3-BF4B-00C04F79EFBC}") = "ModelLabsApp", "Importer\ModelLabsApp\ModelLabsApp.csproj", "{3DD11384-2CC1-4EE9-9F4A-02B6FE8759C0}"
EndProject
Project("{FAE04EC0-301F-11D3-BF4B-00C04F79EFBC}") = "CIMProfileCreator", "Importer\CIMProfileCreator\CIMProfileCreator.csproj", "{05FA2F21-D4DE-4F42-8D8F-AC79993394F6}"
EndProject
Project("{FAE04EC0-301F-11D3-BF4B-00C04F79EFBC}") = "CIMParser", "Importer\CIMParser\CIMParser.csproj", "{3C03A41C-BE4C-40A8-97D5-5DBAC0C34102}"
EndProject
Project("{FAE04EC0-301F-11D3-BF4B-00C04F79EFBC}") = "CIMAdapter", "Importer\CIMAdapter\CIMAdapter.csproj", "{F680D34F-C148-4314-8914-B2DF3E7B17AF}"
EndProject
Project("{FAE04EC0-301F-11D3-BF4B-00C04F79EFBC}") = "FEPStorage", "FEP\FEPStorage\FEPStorage.csproj", "{956116B7-11CE-4996-B661-C9F504E5F7C7}"
EndProject
Global
	GlobalSection(SolutionConfigurationPlatforms) = preSolution
		Debug|Any CPU = Debug|Any CPU
		Debug|x64 = Debug|x64
		Debug|x86 = Debug|x86
		Release|Any CPU = Release|Any CPU
		Release|x64 = Release|x64
		Release|x86 = Release|x86
	EndGlobalSection
	GlobalSection(ProjectConfigurationPlatforms) = postSolution
		{E0EC84AD-210B-4B80-8060-A610F9FE87AD}.Debug|Any CPU.ActiveCfg = Debug|x64
		{E0EC84AD-210B-4B80-8060-A610F9FE87AD}.Debug|Any CPU.Build.0 = Debug|x64
		{E0EC84AD-210B-4B80-8060-A610F9FE87AD}.Debug|Any CPU.Deploy.0 = Debug|x64
		{E0EC84AD-210B-4B80-8060-A610F9FE87AD}.Debug|x64.ActiveCfg = Debug|x64
		{E0EC84AD-210B-4B80-8060-A610F9FE87AD}.Debug|x64.Build.0 = Debug|x64
		{E0EC84AD-210B-4B80-8060-A610F9FE87AD}.Debug|x64.Deploy.0 = Debug|x64
		{E0EC84AD-210B-4B80-8060-A610F9FE87AD}.Debug|x86.ActiveCfg = Debug|x64
		{E0EC84AD-210B-4B80-8060-A610F9FE87AD}.Release|Any CPU.ActiveCfg = Release|x64
		{E0EC84AD-210B-4B80-8060-A610F9FE87AD}.Release|x64.ActiveCfg = Release|x64
		{E0EC84AD-210B-4B80-8060-A610F9FE87AD}.Release|x64.Build.0 = Release|x64
		{E0EC84AD-210B-4B80-8060-A610F9FE87AD}.Release|x64.Deploy.0 = Release|x64
		{E0EC84AD-210B-4B80-8060-A610F9FE87AD}.Release|x86.ActiveCfg = Release|x64
		{77EE1B6F-1364-4284-AEAC-C44B1DB3A675}.Debug|Any CPU.ActiveCfg = Debug|x64
		{77EE1B6F-1364-4284-AEAC-C44B1DB3A675}.Debug|Any CPU.Build.0 = Debug|x64
		{77EE1B6F-1364-4284-AEAC-C44B1DB3A675}.Debug|x64.ActiveCfg = Debug|x64
		{77EE1B6F-1364-4284-AEAC-C44B1DB3A675}.Debug|x64.Build.0 = Debug|x64
		{77EE1B6F-1364-4284-AEAC-C44B1DB3A675}.Debug|x86.ActiveCfg = Debug|x64
		{77EE1B6F-1364-4284-AEAC-C44B1DB3A675}.Release|Any CPU.ActiveCfg = Release|x64
		{77EE1B6F-1364-4284-AEAC-C44B1DB3A675}.Release|x64.ActiveCfg = Release|x64
		{77EE1B6F-1364-4284-AEAC-C44B1DB3A675}.Release|x64.Build.0 = Release|x64
		{77EE1B6F-1364-4284-AEAC-C44B1DB3A675}.Release|x86.ActiveCfg = Release|x64
		{BF0C11C0-6336-49FC-A220-A75053B51758}.Debug|Any CPU.ActiveCfg = Debug|Any CPU
		{BF0C11C0-6336-49FC-A220-A75053B51758}.Debug|Any CPU.Build.0 = Debug|Any CPU
		{BF0C11C0-6336-49FC-A220-A75053B51758}.Debug|x64.ActiveCfg = Debug|x64
		{BF0C11C0-6336-49FC-A220-A75053B51758}.Debug|x64.Build.0 = Debug|x64
		{BF0C11C0-6336-49FC-A220-A75053B51758}.Debug|x86.ActiveCfg = Debug|Any CPU
		{BF0C11C0-6336-49FC-A220-A75053B51758}.Debug|x86.Build.0 = Debug|Any CPU
		{BF0C11C0-6336-49FC-A220-A75053B51758}.Release|Any CPU.ActiveCfg = Release|Any CPU
		{BF0C11C0-6336-49FC-A220-A75053B51758}.Release|Any CPU.Build.0 = Release|Any CPU
		{BF0C11C0-6336-49FC-A220-A75053B51758}.Release|x64.ActiveCfg = Release|Any CPU
		{BF0C11C0-6336-49FC-A220-A75053B51758}.Release|x64.Build.0 = Release|Any CPU
		{BF0C11C0-6336-49FC-A220-A75053B51758}.Release|x86.ActiveCfg = Release|Any CPU
		{BF0C11C0-6336-49FC-A220-A75053B51758}.Release|x86.Build.0 = Release|Any CPU
		{F923D549-0EF5-40A3-A0D6-83D1926BC4B8}.Debug|Any CPU.ActiveCfg = Debug|Any CPU
		{F923D549-0EF5-40A3-A0D6-83D1926BC4B8}.Debug|Any CPU.Build.0 = Debug|Any CPU
		{F923D549-0EF5-40A3-A0D6-83D1926BC4B8}.Debug|x64.ActiveCfg = Debug|x64
		{F923D549-0EF5-40A3-A0D6-83D1926BC4B8}.Debug|x64.Build.0 = Debug|x64
		{F923D549-0EF5-40A3-A0D6-83D1926BC4B8}.Debug|x86.ActiveCfg = Debug|Any CPU
		{F923D549-0EF5-40A3-A0D6-83D1926BC4B8}.Debug|x86.Build.0 = Debug|Any CPU
		{F923D549-0EF5-40A3-A0D6-83D1926BC4B8}.Release|Any CPU.ActiveCfg = Release|Any CPU
		{F923D549-0EF5-40A3-A0D6-83D1926BC4B8}.Release|Any CPU.Build.0 = Release|Any CPU
		{F923D549-0EF5-40A3-A0D6-83D1926BC4B8}.Release|x64.ActiveCfg = Release|Any CPU
		{F923D549-0EF5-40A3-A0D6-83D1926BC4B8}.Release|x64.Build.0 = Release|Any CPU
		{F923D549-0EF5-40A3-A0D6-83D1926BC4B8}.Release|x86.ActiveCfg = Release|Any CPU
		{F923D549-0EF5-40A3-A0D6-83D1926BC4B8}.Release|x86.Build.0 = Release|Any CPU
		{3DD11384-2CC1-4EE9-9F4A-02B6FE8759C0}.Debug|Any CPU.ActiveCfg = Debug|x86
		{3DD11384-2CC1-4EE9-9F4A-02B6FE8759C0}.Debug|Any CPU.Build.0 = Debug|x86
		{3DD11384-2CC1-4EE9-9F4A-02B6FE8759C0}.Debug|x64.ActiveCfg = Debug|x64
		{3DD11384-2CC1-4EE9-9F4A-02B6FE8759C0}.Debug|x64.Build.0 = Debug|x64
		{3DD11384-2CC1-4EE9-9F4A-02B6FE8759C0}.Debug|x86.ActiveCfg = Debug|x86
		{3DD11384-2CC1-4EE9-9F4A-02B6FE8759C0}.Debug|x86.Build.0 = Debug|x86
		{3DD11384-2CC1-4EE9-9F4A-02B6FE8759C0}.Release|Any CPU.ActiveCfg = Release|x86
		{3DD11384-2CC1-4EE9-9F4A-02B6FE8759C0}.Release|x64.ActiveCfg = Release|x64
		{3DD11384-2CC1-4EE9-9F4A-02B6FE8759C0}.Release|x64.Build.0 = Release|x64
		{3DD11384-2CC1-4EE9-9F4A-02B6FE8759C0}.Release|x86.ActiveCfg = Release|x86
		{3DD11384-2CC1-4EE9-9F4A-02B6FE8759C0}.Release|x86.Build.0 = Release|x86
		{05FA2F21-D4DE-4F42-8D8F-AC79993394F6}.Debug|Any CPU.ActiveCfg = Debug|x86
		{05FA2F21-D4DE-4F42-8D8F-AC79993394F6}.Debug|Any CPU.Build.0 = Debug|x86
		{05FA2F21-D4DE-4F42-8D8F-AC79993394F6}.Debug|x64.ActiveCfg = Debug|x64
		{05FA2F21-D4DE-4F42-8D8F-AC79993394F6}.Debug|x64.Build.0 = Debug|x64
		{05FA2F21-D4DE-4F42-8D8F-AC79993394F6}.Debug|x86.ActiveCfg = Debug|x86
		{05FA2F21-D4DE-4F42-8D8F-AC79993394F6}.Debug|x86.Build.0 = Debug|x86
		{05FA2F21-D4DE-4F42-8D8F-AC79993394F6}.Release|Any CPU.ActiveCfg = Release|x86
		{05FA2F21-D4DE-4F42-8D8F-AC79993394F6}.Release|x64.ActiveCfg = Release|x64
		{05FA2F21-D4DE-4F42-8D8F-AC79993394F6}.Release|x64.Build.0 = Release|x64
		{05FA2F21-D4DE-4F42-8D8F-AC79993394F6}.Release|x86.ActiveCfg = Release|x86
		{05FA2F21-D4DE-4F42-8D8F-AC79993394F6}.Release|x86.Build.0 = Release|x86
		{3C03A41C-BE4C-40A8-97D5-5DBAC0C34102}.Debug|Any CPU.ActiveCfg = Debug|x86
		{3C03A41C-BE4C-40A8-97D5-5DBAC0C34102}.Debug|Any CPU.Build.0 = Debug|x86
		{3C03A41C-BE4C-40A8-97D5-5DBAC0C34102}.Debug|x64.ActiveCfg = Debug|x64
		{3C03A41C-BE4C-40A8-97D5-5DBAC0C34102}.Debug|x64.Build.0 = Debug|x64
		{3C03A41C-BE4C-40A8-97D5-5DBAC0C34102}.Debug|x86.ActiveCfg = Debug|x86
		{3C03A41C-BE4C-40A8-97D5-5DBAC0C34102}.Debug|x86.Build.0 = Debug|x86
		{3C03A41C-BE4C-40A8-97D5-5DBAC0C34102}.Release|Any CPU.ActiveCfg = Release|x86
		{3C03A41C-BE4C-40A8-97D5-5DBAC0C34102}.Release|x64.ActiveCfg = Release|x64
		{3C03A41C-BE4C-40A8-97D5-5DBAC0C34102}.Release|x64.Build.0 = Release|x64
		{3C03A41C-BE4C-40A8-97D5-5DBAC0C34102}.Release|x86.ActiveCfg = Release|x86
		{3C03A41C-BE4C-40A8-97D5-5DBAC0C34102}.Release|x86.Build.0 = Release|x86
		{F680D34F-C148-4314-8914-B2DF3E7B17AF}.Debug|Any CPU.ActiveCfg = Debug|x86
		{F680D34F-C148-4314-8914-B2DF3E7B17AF}.Debug|Any CPU.Build.0 = Debug|x86
		{F680D34F-C148-4314-8914-B2DF3E7B17AF}.Debug|x64.ActiveCfg = Debug|x64
		{F680D34F-C148-4314-8914-B2DF3E7B17AF}.Debug|x64.Build.0 = Debug|x64
		{F680D34F-C148-4314-8914-B2DF3E7B17AF}.Debug|x86.ActiveCfg = Debug|x86
		{F680D34F-C148-4314-8914-B2DF3E7B17AF}.Debug|x86.Build.0 = Debug|x86
		{F680D34F-C148-4314-8914-B2DF3E7B17AF}.Release|Any CPU.ActiveCfg = Release|x86
		{F680D34F-C148-4314-8914-B2DF3E7B17AF}.Release|x64.ActiveCfg = Release|x64
		{F680D34F-C148-4314-8914-B2DF3E7B17AF}.Release|x64.Build.0 = Release|x64
		{F680D34F-C148-4314-8914-B2DF3E7B17AF}.Release|x86.ActiveCfg = Release|x86
		{F680D34F-C148-4314-8914-B2DF3E7B17AF}.Release|x86.Build.0 = Release|x86
		{956116B7-11CE-4996-B661-C9F504E5F7C7}.Debug|Any CPU.ActiveCfg = Debug|x64
		{956116B7-11CE-4996-B661-C9F504E5F7C7}.Debug|x64.ActiveCfg = Debug|x64
		{956116B7-11CE-4996-B661-C9F504E5F7C7}.Debug|x64.Build.0 = Debug|x64
		{956116B7-11CE-4996-B661-C9F504E5F7C7}.Debug|x86.ActiveCfg = Debug|x64
		{956116B7-11CE-4996-B661-C9F504E5F7C7}.Release|Any CPU.ActiveCfg = Release|x64
		{956116B7-11CE-4996-B661-C9F504E5F7C7}.Release|x64.ActiveCfg = Release|x64
		{956116B7-11CE-4996-B661-C9F504E5F7C7}.Release|x64.Build.0 = Release|x64
		{956116B7-11CE-4996-B661-C9F504E5F7C7}.Release|x86.ActiveCfg = Release|x64
	EndGlobalSection
	GlobalSection(SolutionProperties) = preSolution
		HideSolutionNode = FALSE
	EndGlobalSection
	GlobalSection(NestedProjects) = preSolution
		{F923D549-0EF5-40A3-A0D6-83D1926BC4B8} = {553378EA-923F-4818-AE87-067B97D76396}
		{E2FB4C50-DA34-42FE-BFDE-0E10A9315120} = {553378EA-923F-4818-AE87-067B97D76396}
		{3DD11384-2CC1-4EE9-9F4A-02B6FE8759C0} = {E2FB4C50-DA34-42FE-BFDE-0E10A9315120}
		{05FA2F21-D4DE-4F42-8D8F-AC79993394F6} = {E2FB4C50-DA34-42FE-BFDE-0E10A9315120}
		{3C03A41C-BE4C-40A8-97D5-5DBAC0C34102} = {E2FB4C50-DA34-42FE-BFDE-0E10A9315120}
		{F680D34F-C148-4314-8914-B2DF3E7B17AF} = {E2FB4C50-DA34-42FE-BFDE-0E10A9315120}
	EndGlobalSection
	GlobalSection(ExtensibilityGlobals) = postSolution
		SolutionGuid = {62D6F724-7C3B-4DC3-9938-1E1036E0CE73}
	EndGlobalSection
EndGlobal
